{
    "aws/aws-crt-php": {
        "version": "v1.0.2"
    },
    "aws/aws-sdk-php": {
        "version": "3.203.1"
    },
    "friendsofphp/proxy-manager-lts": {
        "version": "v1.0.5"
    },
    "guzzlehttp/guzzle": {
        "version": "7.4.0"
    },
    "guzzlehttp/promises": {
        "version": "1.5.1"
    },
    "guzzlehttp/psr7": {
        "version": "2.1.0"
    },
    "mtdowling/jmespath.php": {
        "version": "2.6.1"
    },
    "psr/http-client": {
        "version": "1.0.1"
    },
    "psr/http-factory": {
        "version": "1.0.1"
    },
    "psr/http-message": {
        "version": "1.0.1"
    },
    "ralouphie/getallheaders": {
        "version": "3.0.3"
    },
    "symfony/error-handler": {
        "version": "v4.4.30"
    },
    "symfony/maker-bundle": {
        "version": "1.36",
        "recipe": {
            "repo": "github.com/symfony/recipes",
            "branch": "master",
            "version": "1.0",
            "ref": "fadbfe33303a76e25cb63401050439aa9b1a9c7f"
        }
    },
    "symfony/polyfill-php80": {
        "version": "v1.23.1"
    },
    "symfony/polyfill-php81": {
        "version": "v1.23.0"
    }
}
